
Microsoft Visual Studio Solution File, Format Version 12.00
# Visual Studio 15
VisualStudioVersion = 15.0.27428.2015
MinimumVisualStudioVersion = 10.0.40219.1
Project("{FAE04EC0-301F-11D3-BF4B-00C04F79EFBC}") = "MiYo", "MiYo\MiYo.csproj", "{BD532BEE-28DD-47FF-BA79-45294DDDF0E2}"
EndProject
Project("{FAE04EC0-301F-11D3-BF4B-00C04F79EFBC}") = "MiYo.Tests", "MiYo.Tests\MiYo.Tests.csproj", "{0E7BB0EA-0B5B-45FC-9CEB-9D3B7A797629}"
EndProject
Global
	GlobalSection(SolutionConfigurationPlatforms) = preSolution
		Debug|Any CPU = Debug|Any CPU
		Release|Any CPU = Release|Any CPU
	EndGlobalSection
	GlobalSection(ProjectConfigurationPlatforms) = postSolution
		{BD532BEE-28DD-47FF-BA79-45294DDDF0E2}.Debug|Any CPU.ActiveCfg = Debug|Any CPU
		{BD532BEE-28DD-47FF-BA79-45294DDDF0E2}.Debug|Any CPU.Build.0 = Debug|Any CPU
		{BD532BEE-28DD-47FF-BA79-45294DDDF0E2}.Release|Any CPU.ActiveCfg = Release|Any CPU
		{BD532BEE-28DD-47FF-BA79-45294DDDF0E2}.Release|Any CPU.Build.0 = Release|Any CPU
		{0E7BB0EA-0B5B-45FC-9CEB-9D3B7A797629}.Debug|Any CPU.ActiveCfg = Debug|Any CPU
		{0E7BB0EA-0B5B-45FC-9CEB-9D3B7A797629}.Debug|Any CPU.Build.0 = Debug|Any CPU
		{0E7BB0EA-0B5B-45FC-9CEB-9D3B7A797629}.Release|Any CPU.ActiveCfg = Release|Any CPU
		{0E7BB0EA-0B5B-45FC-9CEB-9D3B7A797629}.Release|Any CPU.Build.0 = Release|Any CPU
	EndGlobalSection
	GlobalSection(SolutionProperties) = preSolution
		HideSolutionNode = FALSE
	EndGlobalSection
	GlobalSection(ExtensibilityGlobals) = postSolution
		SolutionGuid = {6EA84AA5-2484-4C88-AC33-C4096384E159}
	EndGlobalSection
EndGlobal
